
Microsoft Visual Studio Solution File, Format Version 12.00
# Visual Studio Version 17
VisualStudioVersion = 17.7.34221.43
MinimumVisualStudioVersion = 10.0.40219.1
Project("{FAE04EC0-301F-11D3-BF4B-00C04F79EFBC}") = "labka", "labka\labka.csproj", "{48BD55CB-37D9-4D48-8B72-999C7D8C1B18}"
EndProject
Global
	GlobalSection(SolutionConfigurationPlatforms) = preSolution
		Debug|Any CPU = Debug|Any CPU
		Release|Any CPU = Release|Any CPU
	EndGlobalSection
	GlobalSection(ProjectConfigurationPlatforms) = postSolution
		{48BD55CB-37D9-4D48-8B72-999C7D8C1B18}.Debug|Any CPU.ActiveCfg = Debug|Any CPU
		{48BD55CB-37D9-4D48-8B72-999C7D8C1B18}.Debug|Any CPU.Build.0 = Debug|Any CPU
		{48BD55CB-37D9-4D48-8B72-999C7D8C1B18}.Release|Any CPU.ActiveCfg = Release|Any CPU
		{48BD55CB-37D9-4D48-8B72-999C7D8C1B18}.Release|Any CPU.Build.0 = Release|Any CPU
	EndGlobalSection
	GlobalSection(SolutionProperties) = preSolution
		HideSolutionNode = FALSE
	EndGlobalSection
	GlobalSection(ExtensibilityGlobals) = postSolution
		SolutionGuid = {F0389815-E47B-468F-8AEF-259E7552EF81}
	EndGlobalSection
EndGlobal
